// !$*UTF8*$!
{
	archiveVersion = 1;
	classes = {
	};
	objectVersion = 50;
	objects = {

/* Begin PBXBuildFile section */
		707BD433DCE765FB4CF9251C /* Pods_TaskApp.framework in Frameworks */ = {isa = PBXBuildFile; fileRef = 9E61250679D64CF7683CBF00 /* Pods_TaskApp.framework */; };
		FD0BC26A20EAF84F009953DF /* Task.swift in Sources */ = {isa = PBXBuildFile; fileRef = FD0BC26920EAF84F009953DF /* Task.swift */; };
		FD0BC26C20EAFB44009953DF /* User.swift in Sources */ = {isa = PBXBuildFile; fileRef = FD0BC26B20EAFB44009953DF /* User.swift */; };
		FD265F1720E857CF004FA5E9 /* TextFieldDelegate.swift in Sources */ = {isa = PBXBuildFile; fileRef = FD265F1620E857CF004FA5E9 /* TextFieldDelegate.swift */; };
		FD567EFD20E7C8A900C0848A /* AppDelegate.swift in Sources */ = {isa = PBXBuildFile; fileRef = FD567EFC20E7C8A900C0848A /* AppDelegate.swift */; };
		FD567EFF20E7C8A900C0848A /* ActiveTasks.swift in Sources */ = {isa = PBXBuildFile; fileRef = FD567EFE20E7C8A900C0848A /* ActiveTasks.swift */; };
		FD567F0220E7C8A900C0848A /* Main.storyboard in Resources */ = {isa = PBXBuildFile; fileRef = FD567F0020E7C8A900C0848A /* Main.storyboard */; };
		FD567F0420E7C8AB00C0848A /* Assets.xcassets in Resources */ = {isa = PBXBuildFile; fileRef = FD567F0320E7C8AB00C0848A /* Assets.xcassets */; };
		FD567F0720E7C8AB00C0848A /* LaunchScreen.storyboard in Resources */ = {isa = PBXBuildFile; fileRef = FD567F0520E7C8AB00C0848A /* LaunchScreen.storyboard */; };
		FD567F0F20E7CDE500C0848A /* GoogleService-Info.plist in Resources */ = {isa = PBXBuildFile; fileRef = FD567F0E20E7CDE500C0848A /* GoogleService-Info.plist */; };
		FD567F1120E7E35300C0848A /* CompletedTasks.swift in Sources */ = {isa = PBXBuildFile; fileRef = FD567F1020E7E35300C0848A /* CompletedTasks.swift */; };
		FD567F1520E7E64E00C0848A /* Login.swift in Sources */ = {isa = PBXBuildFile; fileRef = FD567F1420E7E64E00C0848A /* Login.swift */; };
		FD567F1720E7F12600C0848A /* Register.swift in Sources */ = {isa = PBXBuildFile; fileRef = FD567F1620E7F12600C0848A /* Register.swift */; };
		FD567F1B20E8009800C0848A /* Alert.swift in Sources */ = {isa = PBXBuildFile; fileRef = FD567F1A20E8009800C0848A /* Alert.swift */; };
		FD567F1D20E8011D00C0848A /* EmailValidation.swift in Sources */ = {isa = PBXBuildFile; fileRef = FD567F1C20E8011D00C0848A /* EmailValidation.swift */; };
		FD567F2120E81A7200C0848A /* Settings.swift in Sources */ = {isa = PBXBuildFile; fileRef = FD567F2020E81A7200C0848A /* Settings.swift */; };
		FD9366CE20E9476D00835F49 /* ActivityIndicator.swift in Sources */ = {isa = PBXBuildFile; fileRef = FD9366CD20E9476D00835F49 /* ActivityIndicator.swift */; };
/* End PBXBuildFile section */

/* Begin PBXFileReference section */
		438EECB0672D89D9E0B41E7B /* Pods-TaskApp.debug.xcconfig */ = {isa = PBXFileReference; includeInIndex = 1; lastKnownFileType = text.xcconfig; name = "Pods-TaskApp.debug.xcconfig"; path = "Pods/Target Support Files/Pods-TaskApp/Pods-TaskApp.debug.xcconfig"; sourceTree = "<group>"; };
		8335CE9ED9DE0E52A9F1F730 /* Pods-TaskApp.release.xcconfig */ = {isa = PBXFileReference; includeInIndex = 1; lastKnownFileType = text.xcconfig; name = "Pods-TaskApp.release.xcconfig"; path = "Pods/Target Support Files/Pods-TaskApp/Pods-TaskApp.release.xcconfig"; sourceTree = "<group>"; };
		9E61250679D64CF7683CBF00 /* Pods_TaskApp.framework */ = {isa = PBXFileReference; explicitFileType = wrapper.framework; includeInIndex = 0; path = Pods_TaskApp.framework; sourceTree = BUILT_PRODUCTS_DIR; };
		FD0BC26920EAF84F009953DF /* Task.swift */ = {isa = PBXFileReference; lastKnownFileType = sourcecode.swift; path = Task.swift; sourceTree = "<group>"; };
		FD0BC26B20EAFB44009953DF /* User.swift */ = {isa = PBXFileReference; lastKnownFileType = sourcecode.swift; path = User.swift; sourceTree = "<group>"; };
		FD265F1620E857CF004FA5E9 /* TextFieldDelegate.swift */ = {isa = PBXFileReference; lastKnownFileType = sourcecode.swift; path = TextFieldDelegate.swift; sourceTree = "<group>"; };
		FD3E5EA320E926E6007B4523 /* TaskApp.entitlements */ = {isa = PBXFileReference; lastKnownFileType = text.plist.entitlements; path = TaskApp.entitlements; sourceTree = "<group>"; };
		FD567EF920E7C8A900C0848A /* TaskApp.app */ = {isa = PBXFileReference; explicitFileType = wrapper.application; includeInIndex = 0; path = TaskApp.app; sourceTree = BUILT_PRODUCTS_DIR; };
		FD567EFC20E7C8A900C0848A /* AppDelegate.swift */ = {isa = PBXFileReference; lastKnownFileType = sourcecode.swift; path = AppDelegate.swift; sourceTree = "<group>"; };
		FD567EFE20E7C8A900C0848A /* ActiveTasks.swift */ = {isa = PBXFileReference; lastKnownFileType = sourcecode.swift; path = ActiveTasks.swift; sourceTree = "<group>"; };
		FD567F0120E7C8A900C0848A /* Base */ = {isa = PBXFileReference; lastKnownFileType = file.storyboard; name = Base; path = Base.lproj/Main.storyboard; sourceTree = "<group>"; };
		FD567F0320E7C8AB00C0848A /* Assets.xcassets */ = {isa = PBXFileReference; lastKnownFileType = folder.assetcatalog; path = Assets.xcassets; sourceTree = "<group>"; };
		FD567F0620E7C8AB00C0848A /* Base */ = {isa = PBXFileReference; lastKnownFileType = file.storyboard; name = Base; path = Base.lproj/LaunchScreen.storyboard; sourceTree = "<group>"; };
		FD567F0820E7C8AB00C0848A /* Info.plist */ = {isa = PBXFileReference; lastKnownFileType = text.plist.xml; path = Info.plist; sourceTree = "<group>"; };
		FD567F0E20E7CDE500C0848A /* GoogleService-Info.plist */ = {isa = PBXFileReference; fileEncoding = 4; lastKnownFileType = text.plist.xml; path = "GoogleService-Info.plist"; sourceTree = "<group>"; };
		FD567F1020E7E35300C0848A /* CompletedTasks.swift */ = {isa = PBXFileReference; lastKnownFileType = sourcecode.swift; path = CompletedTasks.swift; sourceTree = "<group>"; };
		FD567F1420E7E64E00C0848A /* Login.swift */ = {isa = PBXFileReference; lastKnownFileType = sourcecode.swift; path = Login.swift; sourceTree = "<group>"; };
		FD567F1620E7F12600C0848A /* Register.swift */ = {isa = PBXFileReference; lastKnownFileType = sourcecode.swift; path = Register.swift; sourceTree = "<group>"; };
		FD567F1A20E8009800C0848A /* Alert.swift */ = {isa = PBXFileReference; lastKnownFileType = sourcecode.swift; path = Alert.swift; sourceTree = "<group>"; };
		FD567F1C20E8011D00C0848A /* EmailValidation.swift */ = {isa = PBXFileReference; lastKnownFileType = sourcecode.swift; path = EmailValidation.swift; sourceTree = "<group>"; };
		FD567F2020E81A7200C0848A /* Settings.swift */ = {isa = PBXFileReference; lastKnownFileType = sourcecode.swift; path = Settings.swift; sourceTree = "<group>"; };
		FD9366CD20E9476D00835F49 /* ActivityIndicator.swift */ = {isa = PBXFileReference; lastKnownFileType = sourcecode.swift; path = ActivityIndicator.swift; sourceTree = "<group>"; };
/* End PBXFileReference section */

/* Begin PBXFrameworksBuildPhase section */
		FD567EF620E7C8A900C0848A /* Frameworks */ = {
			isa = PBXFrameworksBuildPhase;
			buildActionMask = 2147483647;
			files = (
				707BD433DCE765FB4CF9251C /* Pods_TaskApp.framework in Frameworks */,
			);
			runOnlyForDeploymentPostprocessing = 0;
		};
/* End PBXFrameworksBuildPhase section */

/* Begin PBXGroup section */
		AEBC613CD879305BF16DC59A /* Pods */ = {
			isa = PBXGroup;
			children = (
				438EECB0672D89D9E0B41E7B /* Pods-TaskApp.debug.xcconfig */,
				8335CE9ED9DE0E52A9F1F730 /* Pods-TaskApp.release.xcconfig */,
			);
			name = Pods;
			sourceTree = "<group>";
		};
		BB7C114C5DEC85BCDEC3782E /* Frameworks */ = {
			isa = PBXGroup;
			children = (
				9E61250679D64CF7683CBF00 /* Pods_TaskApp.framework */,
			);
			name = Frameworks;
			sourceTree = "<group>";
		};
		FD0BC26820EAF827009953DF /* Model */ = {
			isa = PBXGroup;
			children = (
				FD0BC26920EAF84F009953DF /* Task.swift */,
				FD0BC26B20EAFB44009953DF /* User.swift */,
			);
			path = Model;
			sourceTree = "<group>";
		};
		FD567EF020E7C8A900C0848A = {
			isa = PBXGroup;
			children = (
				FD567EFB20E7C8A900C0848A /* TaskApp */,
				FD567EFA20E7C8A900C0848A /* Products */,
				AEBC613CD879305BF16DC59A /* Pods */,
				BB7C114C5DEC85BCDEC3782E /* Frameworks */,
			);
			sourceTree = "<group>";
		};
		FD567EFA20E7C8A900C0848A /* Products */ = {
			isa = PBXGroup;
			children = (
				FD567EF920E7C8A900C0848A /* TaskApp.app */,
			);
			name = Products;
			sourceTree = "<group>";
		};
		FD567EFB20E7C8A900C0848A /* TaskApp */ = {
			isa = PBXGroup;
			children = (
				FD3E5EA320E926E6007B4523 /* TaskApp.entitlements */,
				FD567EFC20E7C8A900C0848A /* AppDelegate.swift */,
				FD0BC26820EAF827009953DF /* Model */,
				FD567F1320E7E4A100C0848A /* View */,
				FD567F1220E7E48E00C0848A /* Controller */,
				FD567F1920E8007C00C0848A /* Helpers */,
				FD567F0320E7C8AB00C0848A /* Assets.xcassets */,
				FD567F0520E7C8AB00C0848A /* LaunchScreen.storyboard */,
				FD567F0820E7C8AB00C0848A /* Info.plist */,
				FD567F0E20E7CDE500C0848A /* GoogleService-Info.plist */,
			);
			path = TaskApp;
			sourceTree = "<group>";
		};
		FD567F1220E7E48E00C0848A /* Controller */ = {
			isa = PBXGroup;
			children = (
				FD567F1420E7E64E00C0848A /* Login.swift */,
				FD567F1620E7F12600C0848A /* Register.swift */,
				FD567EFE20E7C8A900C0848A /* ActiveTasks.swift */,
				FD567F1020E7E35300C0848A /* CompletedTasks.swift */,
				FD567F2020E81A7200C0848A /* Settings.swift */,
			);
			path = Controller;
			sourceTree = "<group>";
		};
		FD567F1320E7E4A100C0848A /* View */ = {
			isa = PBXGroup;
			children = (
				FD567F0020E7C8A900C0848A /* Main.storyboard */,
			);
			path = View;
			sourceTree = "<group>";
		};
		FD567F1920E8007C00C0848A /* Helpers */ = {
			isa = PBXGroup;
			children = (
				FD567F1A20E8009800C0848A /* Alert.swift */,
				FD567F1C20E8011D00C0848A /* EmailValidation.swift */,
				FD265F1620E857CF004FA5E9 /* TextFieldDelegate.swift */,
				FD9366CD20E9476D00835F49 /* ActivityIndicator.swift */,
			);
			path = Helpers;
			sourceTree = "<group>";
		};
/* End PBXGroup section */

/* Begin PBXNativeTarget section */
		FD567EF820E7C8A900C0848A /* TaskApp */ = {
			isa = PBXNativeTarget;
			buildConfigurationList = FD567F0B20E7C8AB00C0848A /* Build configuration list for PBXNativeTarget "TaskApp" */;
			buildPhases = (
				C4F22AF317242ACD47612087 /* [CP] Check Pods Manifest.lock */,
				FD567EF520E7C8A900C0848A /* Sources */,
				FD567EF620E7C8A900C0848A /* Frameworks */,
				FD567EF720E7C8A900C0848A /* Resources */,
				B16F7A658767EA561680E516 /* [CP] Embed Pods Frameworks */,
				38EEE51E977BF810A0737BAD /* [CP] Copy Pods Resources */,
			);
			buildRules = (
			);
			dependencies = (
			);
			name = TaskApp;
			productName = TaskApp;
			productReference = FD567EF920E7C8A900C0848A /* TaskApp.app */;
			productType = "com.apple.product-type.application";
		};
/* End PBXNativeTarget section */

/* Begin PBXProject section */
		FD567EF120E7C8A900C0848A /* Project object */ = {
			isa = PBXProject;
			attributes = {
				LastSwiftUpdateCheck = 0940;
				LastUpgradeCheck = 0940;
				ORGANIZATIONNAME = "Ion M";
				TargetAttributes = {
					FD567EF820E7C8A900C0848A = {
						CreatedOnToolsVersion = 9.4.1;
						SystemCapabilities = {
							com.apple.Keychain = {
								enabled = 1;
							};
						};
					};
				};
			};
			buildConfigurationList = FD567EF420E7C8A900C0848A /* Build configuration list for PBXProject "TaskApp" */;
			compatibilityVersion = "Xcode 9.3";
			developmentRegion = en;
			hasScannedForEncodings = 0;
			knownRegions = (
				en,
				Base,
			);
			mainGroup = FD567EF020E7C8A900C0848A;
			productRefGroup = FD567EFA20E7C8A900C0848A /* Products */;
			projectDirPath = "";
			projectRoot = "";
			targets = (
				FD567EF820E7C8A900C0848A /* TaskApp */,
			);
		};
/* End PBXProject section */

/* Begin PBXResourcesBuildPhase section */
		FD567EF720E7C8A900C0848A /* Resources */ = {
			isa = PBXResourcesBuildPhase;
			buildActionMask = 2147483647;
			files = (
				FD567F0720E7C8AB00C0848A /* LaunchScreen.storyboard in Resources */,
				FD567F0F20E7CDE500C0848A /* GoogleService-Info.plist in Resources */,
				FD567F0420E7C8AB00C0848A /* Assets.xcassets in Resources */,
				FD567F0220E7C8A900C0848A /* Main.storyboard in Resources */,
			);
			runOnlyForDeploymentPostprocessing = 0;
		};
/* End PBXResourcesBuildPhase section */

/* Begin PBXShellScriptBuildPhase section */
		38EEE51E977BF810A0737BAD /* [CP] Copy Pods Resources */ = {
			isa = PBXShellScriptBuildPhase;
			buildActionMask = 2147483647;
			files = (
			);
			inputPaths = (
				"${SRCROOT}/Pods/Target Support Files/Pods-TaskApp/Pods-TaskApp-resources.sh",
				"${PODS_CONFIGURATION_BUILD_DIR}/FirebaseUI/FirebaseAuthUI.bundle",
				"${PODS_CONFIGURATION_BUILD_DIR}/FirebaseUI/FirebaseFacebookAuthUI.bundle",
			);
			name = "[CP] Copy Pods Resources";
			outputPaths = (
				"${TARGET_BUILD_DIR}/${UNLOCALIZED_RESOURCES_FOLDER_PATH}/FirebaseAuthUI.bundle",
				"${TARGET_BUILD_DIR}/${UNLOCALIZED_RESOURCES_FOLDER_PATH}/FirebaseFacebookAuthUI.bundle",
			);
			runOnlyForDeploymentPostprocessing = 0;
			shellPath = /bin/sh;
			shellScript = "\"${SRCROOT}/Pods/Target Support Files/Pods-TaskApp/Pods-TaskApp-resources.sh\"\n";
			showEnvVarsInLog = 0;
		};
		B16F7A658767EA561680E516 /* [CP] Embed Pods Frameworks */ = {
			isa = PBXShellScriptBuildPhase;
			buildActionMask = 2147483647;
			files = (
			);
			inputPaths = (
				"${SRCROOT}/Pods/Target Support Files/Pods-TaskApp/Pods-TaskApp-frameworks.sh",
				"${BUILT_PRODUCTS_DIR}/Bolts/Bolts.framework",
				"${BUILT_PRODUCTS_DIR}/FBSDKCoreKit/FBSDKCoreKit.framework",
				"${BUILT_PRODUCTS_DIR}/FBSDKLoginKit/FBSDKLoginKit.framework",
				"${BUILT_PRODUCTS_DIR}/FBSDKShareKit/FBSDKShareKit.framework",
				"${BUILT_PRODUCTS_DIR}/GTMSessionFetcher/GTMSessionFetcher.framework",
				"${BUILT_PRODUCTS_DIR}/GoogleToolboxForMac/GoogleToolboxForMac.framework",
				"${BUILT_PRODUCTS_DIR}/leveldb-library/leveldb.framework",
				"${BUILT_PRODUCTS_DIR}/nanopb/nanopb.framework",
			);
			name = "[CP] Embed Pods Frameworks";
			outputPaths = (
				"${TARGET_BUILD_DIR}/${FRAMEWORKS_FOLDER_PATH}/Bolts.framework",
				"${TARGET_BUILD_DIR}/${FRAMEWORKS_FOLDER_PATH}/FBSDKCoreKit.framework",
				"${TARGET_BUILD_DIR}/${FRAMEWORKS_FOLDER_PATH}/FBSDKLoginKit.framework",
				"${TARGET_BUILD_DIR}/${FRAMEWORKS_FOLDER_PATH}/FBSDKShareKit.framework",
				"${TARGET_BUILD_DIR}/${FRAMEWORKS_FOLDER_PATH}/GTMSessionFetcher.framework",
				"${TARGET_BUILD_DIR}/${FRAMEWORKS_FOLDER_PATH}/GoogleToolboxForMac.framework",
				"${TARGET_BUILD_DIR}/${FRAMEWORKS_FOLDER_PATH}/leveldb.framework",
				"${TARGET_BUILD_DIR}/${FRAMEWORKS_FOLDER_PATH}/nanopb.framework",
			);
			runOnlyForDeploymentPostprocessing = 0;
			shellPath = /bin/sh;
			shellScript = "\"${SRCROOT}/Pods/Target Support Files/Pods-TaskApp/Pods-TaskApp-frameworks.sh\"\n";
			showEnvVarsInLog = 0;
		};
		C4F22AF317242ACD47612087 /* [CP] Check Pods Manifest.lock */ = {
			isa = PBXShellScriptBuildPhase;
			buildActionMask = 2147483647;
			files = (
			);
			inputPaths = (
				"${PODS_PODFILE_DIR_PATH}/Podfile.lock",
				"${PODS_ROOT}/Manifest.lock",
			);
			name = "[CP] Check Pods Manifest.lock";
			outputPaths = (
				"$(DERIVED_FILE_DIR)/Pods-TaskApp-checkManifestLockResult.txt",
			);
			runOnlyForDeploymentPostprocessing = 0;
			shellPath = /bin/sh;
			shellScript = "diff \"${PODS_PODFILE_DIR_PATH}/Podfile.lock\" \"${PODS_ROOT}/Manifest.lock\" > /dev/null\nif [ $? != 0 ] ; then\n    # print error to STDERR\n    echo \"error: The sandbox is not in sync with the Podfile.lock. Run 'pod install' or update your CocoaPods installation.\" >&2\n    exit 1\nfi\n# This output is used by Xcode 'outputs' to avoid re-running this script phase.\necho \"SUCCESS\" > \"${SCRIPT_OUTPUT_FILE_0}\"\n";
			showEnvVarsInLog = 0;
		};
/* End PBXShellScriptBuildPhase section */

/* Begin PBXSourcesBuildPhase section */
		FD567EF520E7C8A900C0848A /* Sources */ = {
			isa = PBXSourcesBuildPhase;
			buildActionMask = 2147483647;
			files = (
				FD567F1B20E8009800C0848A /* Alert.swift in Sources */,
				FD567F1D20E8011D00C0848A /* EmailValidation.swift in Sources */,
				FD265F1720E857CF004FA5E9 /* TextFieldDelegate.swift in Sources */,
				FD567F2120E81A7200C0848A /* Settings.swift in Sources */,
				FD0BC26A20EAF84F009953DF /* Task.swift in Sources */,
				FD567EFF20E7C8A900C0848A /* ActiveTasks.swift in Sources */,
				FD567EFD20E7C8A900C0848A /* AppDelegate.swift in Sources */,
				FD9366CE20E9476D00835F49 /* ActivityIndicator.swift in Sources */,
				FD0BC26C20EAFB44009953DF /* User.swift in Sources */,
				FD567F1120E7E35300C0848A /* CompletedTasks.swift in Sources */,
				FD567F1520E7E64E00C0848A /* Login.swift in Sources */,
				FD567F1720E7F12600C0848A /* Register.swift in Sources */,
			);
			runOnlyForDeploymentPostprocessing = 0;
		};
/* End PBXSourcesBuildPhase section */

/* Begin PBXVariantGroup section */
		FD567F0020E7C8A900C0848A /* Main.storyboard */ = {
			isa = PBXVariantGroup;
			children = (
				FD567F0120E7C8A900C0848A /* Base */,
			);
			name = Main.storyboard;
			sourceTree = "<group>";
		};
		FD567F0520E7C8AB00C0848A /* LaunchScreen.storyboard */ = {
			isa = PBXVariantGroup;
			children = (
				FD567F0620E7C8AB00C0848A /* Base */,
			);
			name = LaunchScreen.storyboard;
			sourceTree = "<group>";
		};
/* End PBXVariantGroup section */

/* Begin XCBuildConfiguration section */
		FD567F0920E7C8AB00C0848A /* Debug */ = {
			isa = XCBuildConfiguration;
			buildSettings = {
				ALWAYS_SEARCH_USER_PATHS = NO;
				CLANG_ANALYZER_NONNULL = YES;
				CLANG_ANALYZER_NUMBER_OBJECT_CONVERSION = YES_AGGRESSIVE;
				CLANG_CXX_LANGUAGE_STANDARD = "gnu++14";
				CLANG_CXX_LIBRARY = "libc++";
				CLANG_ENABLE_MODULES = YES;
				CLANG_ENABLE_OBJC_ARC = YES;
				CLANG_ENABLE_OBJC_WEAK = YES;
				CLANG_WARN_BLOCK_CAPTURE_AUTORELEASING = YES;
				CLANG_WARN_BOOL_CONVERSION = YES;
				CLANG_WARN_COMMA = YES;
				CLANG_WARN_CONSTANT_CONVERSION = YES;
				CLANG_WARN_DEPRECATED_OBJC_IMPLEMENTATIONS = YES;
				CLANG_WARN_DIRECT_OBJC_ISA_USAGE = YES_ERROR;
				CLANG_WARN_DOCUMENTATION_COMMENTS = YES;
				CLANG_WARN_EMPTY_BODY = YES;
				CLANG_WARN_ENUM_CONVERSION = YES;
				CLANG_WARN_INFINITE_RECURSION = YES;
				CLANG_WARN_INT_CONVERSION = YES;
				CLANG_WARN_NON_LITERAL_NULL_CONVERSION = YES;
				CLANG_WARN_OBJC_IMPLICIT_RETAIN_SELF = YES;
				CLANG_WARN_OBJC_LITERAL_CONVERSION = YES;
				CLANG_WARN_OBJC_ROOT_CLASS = YES_ERROR;
				CLANG_WARN_RANGE_LOOP_ANALYSIS = YES;
				CLANG_WARN_STRICT_PROTOTYPES = YES;
				CLANG_WARN_SUSPICIOUS_MOVE = YES;
				CLANG_WARN_UNGUARDED_AVAILABILITY = YES_AGGRESSIVE;
				CLANG_WARN_UNREACHABLE_CODE = YES;
				CLANG_WARN__DUPLICATE_METHOD_MATCH = YES;
				CODE_SIGN_IDENTITY = "iPhone Developer";
				COPY_PHASE_STRIP = NO;
				DEBUG_INFORMATION_FORMAT = dwarf;
				ENABLE_STRICT_OBJC_MSGSEND = YES;
				ENABLE_TESTABILITY = YES;
				GCC_C_LANGUAGE_STANDARD = gnu11;
				GCC_DYNAMIC_NO_PIC = NO;
				GCC_NO_COMMON_BLOCKS = YES;
				GCC_OPTIMIZATION_LEVEL = 0;
				GCC_PREPROCESSOR_DEFINITIONS = (
					"DEBUG=1",
					"$(inherited)",
				);
				GCC_WARN_64_TO_32_BIT_CONVERSION = YES;
				GCC_WARN_ABOUT_RETURN_TYPE = YES_ERROR;
				GCC_WARN_UNDECLARED_SELECTOR = YES;
				GCC_WARN_UNINITIALIZED_AUTOS = YES_AGGRESSIVE;
				GCC_WARN_UNUSED_FUNCTION = YES;
				GCC_WARN_UNUSED_VARIABLE = YES;
				IPHONEOS_DEPLOYMENT_TARGET = 11.4;
				MTL_ENABLE_DEBUG_INFO = YES;
				ONLY_ACTIVE_ARCH = YES;
				SDKROOT = iphoneos;
				SWIFT_ACTIVE_COMPILATION_CONDITIONS = DEBUG;
				SWIFT_OPTIMIZATION_LEVEL = "-Onone";
			};
			name = Debug;
		};
		FD567F0A20E7C8AB00C0848A /* Release */ = {
			isa = XCBuildConfiguration;
			buildSettings = {
				ALWAYS_SEARCH_USER_PATHS = NO;
				CLANG_ANALYZER_NONNULL = YES;
				CLANG_ANALYZER_NUMBER_OBJECT_CONVERSION = YES_AGGRESSIVE;
				CLANG_CXX_LANGUAGE_STANDARD = "gnu++14";
				CLANG_CXX_LIBRARY = "libc++";
				CLANG_ENABLE_MODULES = YES;
				CLANG_ENABLE_OBJC_ARC = YES;
				CLANG_ENABLE_OBJC_WEAK = YES;
				CLANG_WARN_BLOCK_CAPTURE_AUTORELEASING = YES;
				CLANG_WARN_BOOL_CONVERSION = YES;
				CLANG_WARN_COMMA = YES;
				CLANG_WARN_CONSTANT_CONVERSION = YES;
				CLANG_WARN_DEPRECATED_OBJC_IMPLEMENTATIONS = YES;
				CLANG_WARN_DIRECT_OBJC_ISA_USAGE = YES_ERROR;
				CLANG_WARN_DOCUMENTATION_COMMENTS = YES;
				CLANG_WARN_EMPTY_BODY = YES;
				CLANG_WARN_ENUM_CONVERSION = YES;
				CLANG_WARN_INFINITE_RECURSION = YES;
				CLANG_WARN_INT_CONVERSION = YES;
				CLANG_WARN_NON_LITERAL_NULL_CONVERSION = YES;
				CLANG_WARN_OBJC_IMPLICIT_RETAIN_SELF = YES;
				CLANG_WARN_OBJC_LITERAL_CONVERSION = YES;
				CLANG_WARN_OBJC_ROOT_CLASS = YES_ERROR;
				CLANG_WARN_RANGE_LOOP_ANALYSIS = YES;
				CLANG_WARN_STRICT_PROTOTYPES = YES;
				CLANG_WARN_SUSPICIOUS_MOVE = YES;
				CLANG_WARN_UNGUARDED_AVAILABILITY = YES_AGGRESSIVE;
				CLANG_WARN_UNREACHABLE_CODE = YES;
				CLANG_WARN__DUPLICATE_METHOD_MATCH = YES;
				CODE_SIGN_IDENTITY = "iPhone Developer";
				COPY_PHASE_STRIP = NO;
				DEBUG_INFORMATION_FORMAT = "dwarf-with-dsym";
				ENABLE_NS_ASSERTIONS = NO;
				ENABLE_STRICT_OBJC_MSGSEND = YES;
				GCC_C_LANGUAGE_STANDARD = gnu11;
				GCC_NO_COMMON_BLOCKS = YES;
				GCC_WARN_64_TO_32_BIT_CONVERSION = YES;
				GCC_WARN_ABOUT_RETURN_TYPE = YES_ERROR;
				GCC_WARN_UNDECLARED_SELECTOR = YES;
				GCC_WARN_UNINITIALIZED_AUTOS = YES_AGGRESSIVE;
				GCC_WARN_UNUSED_FUNCTION = YES;
				GCC_WARN_UNUSED_VARIABLE = YES;
				IPHONEOS_DEPLOYMENT_TARGET = 11.4;
				MTL_ENABLE_DEBUG_INFO = NO;
				SDKROOT = iphoneos;
				SWIFT_COMPILATION_MODE = wholemodule;
				SWIFT_OPTIMIZATION_LEVEL = "-O";
				VALIDATE_PRODUCT = YES;
			};
			name = Release;
		};
		FD567F0C20E7C8AB00C0848A /* Debug */ = {
			isa = XCBuildConfiguration;
			baseConfigurationReference = 438EECB0672D89D9E0B41E7B /* Pods-TaskApp.debug.xcconfig */;
			buildSettings = {
				ASSETCATALOG_COMPILER_APPICON_NAME = AppIcon;
				CODE_SIGN_ENTITLEMENTS = TaskApp/TaskApp.entitlements;
				CODE_SIGN_STYLE = Automatic;
				DEVELOPMENT_TEAM = F7L2TZ3DXB;
				INFOPLIST_FILE = TaskApp/Info.plist;
				LD_RUNPATH_SEARCH_PATHS = (
					"$(inherited)",
					"@executable_path/Frameworks",
				);
				PRODUCT_BUNDLE_IDENTIFIER = com.ionmardari.TaskApp;
				PRODUCT_NAME = "$(TARGET_NAME)";
				SWIFT_VERSION = 4.0;
				TARGETED_DEVICE_FAMILY = "1,2";
			};
			name = Debug;
		};
		FD567F0D20E7C8AB00C0848A /* Release */ = {
			isa = XCBuildConfiguration;
			baseConfigurationReference = 8335CE9ED9DE0E52A9F1F730 /* Pods-TaskApp.release.xcconfig */;
			buildSettings = {
				ASSETCATALOG_COMPILER_APPICON_NAME = AppIcon;
				CODE_SIGN_ENTITLEMENTS = TaskApp/TaskApp.entitlements;
				CODE_SIGN_STYLE = Automatic;
				DEVELOPMENT_TEAM = F7L2TZ3DXB;
				INFOPLIST_FILE = TaskApp/Info.plist;
				LD_RUNPATH_SEARCH_PATHS = (
					"$(inherited)",
					"@executable_path/Frameworks",
				);
				PRODUCT_BUNDLE_IDENTIFIER = com.ionmardari.TaskApp;
				PRODUCT_NAME = "$(TARGET_NAME)";
				SWIFT_VERSION = 4.0;
				TARGETED_DEVICE_FAMILY = "1,2";
			};
			name = Release;
		};
/* End XCBuildConfiguration section */

/* Begin XCConfigurationList section */
		FD567EF420E7C8A900C0848A /* Build configuration list for PBXProject "TaskApp" */ = {
			isa = XCConfigurationList;
			buildConfigurations = (
				FD567F0920E7C8AB00C0848A /* Debug */,
				FD567F0A20E7C8AB00C0848A /* Release */,
			);
			defaultConfigurationIsVisible = 0;
			defaultConfigurationName = Release;
		};
		FD567F0B20E7C8AB00C0848A /* Build configuration list for PBXNativeTarget "TaskApp" */ = {
			isa = XCConfigurationList;
			buildConfigurations = (
				FD567F0C20E7C8AB00C0848A /* Debug */,
				FD567F0D20E7C8AB00C0848A /* Release */,
			);
			defaultConfigurationIsVisible = 0;
			defaultConfigurationName = Release;
		};
/* End XCConfigurationList section */
	};
	rootObject = FD567EF120E7C8A900C0848A /* Project object */;
}
